
Microsoft Visual Studio Solution File, Format Version 12.00
# Visual Studio Version 17
VisualStudioVersion = 17.1.32421.90
MinimumVisualStudioVersion = 10.0.40219.1
Project("{2150E333-8FDC-42A3-9474-1A3956D46DE8}") = "src", "src", "{6F1C0DE9-72C9-4705-AB19-30E9421B8121}"
EndProject
Project("{2150E333-8FDC-42A3-9474-1A3956D46DE8}") = "tests", "tests", "{962CE9CF-887F-44D3-AE8F-D309879AD46D}"
EndProject
Project("{FAE04EC0-301F-11D3-BF4B-00C04F79EFBC}") = "SuperMarket.Entities", "SuperMarket.Entities\SuperMarket.Entities.csproj", "{4D55AAF6-EE6E-4B0C-935D-ED66A5191243}"
EndProject
Global
	GlobalSection(SolutionConfigurationPlatforms) = preSolution
		Debug|Any CPU = Debug|Any CPU
		Release|Any CPU = Release|Any CPU
	EndGlobalSection
	GlobalSection(ProjectConfigurationPlatforms) = postSolution
		{4D55AAF6-EE6E-4B0C-935D-ED66A5191243}.Debug|Any CPU.ActiveCfg = Debug|Any CPU
		{4D55AAF6-EE6E-4B0C-935D-ED66A5191243}.Debug|Any CPU.Build.0 = Debug|Any CPU
		{4D55AAF6-EE6E-4B0C-935D-ED66A5191243}.Release|Any CPU.ActiveCfg = Release|Any CPU
		{4D55AAF6-EE6E-4B0C-935D-ED66A5191243}.Release|Any CPU.Build.0 = Release|Any CPU
	EndGlobalSection
	GlobalSection(SolutionProperties) = preSolution
		HideSolutionNode = FALSE
	EndGlobalSection
	GlobalSection(NestedProjects) = preSolution
		{4D55AAF6-EE6E-4B0C-935D-ED66A5191243} = {6F1C0DE9-72C9-4705-AB19-30E9421B8121}
	EndGlobalSection
	GlobalSection(ExtensibilityGlobals) = postSolution
		SolutionGuid = {12F01996-AB20-424F-809A-781039857F33}
	EndGlobalSection
EndGlobal
