
Microsoft Visual Studio Solution File, Format Version 12.00
# Visual Studio Version 17
VisualStudioVersion = 17.1.32421.90
MinimumVisualStudioVersion = 10.0.40219.1
Project("{2150E333-8FDC-42A3-9474-1A3956D46DE8}") = "src", "src", "{6F1C0DE9-72C9-4705-AB19-30E9421B8121}"
EndProject
Project("{2150E333-8FDC-42A3-9474-1A3956D46DE8}") = "tests", "tests", "{962CE9CF-887F-44D3-AE8F-D309879AD46D}"
EndProject
Project("{9A19103F-16F7-4668-BE54-9A1E7A4F7556}") = "SuperMarket.Entities", "SuperMarket.Entities\SuperMarket.Entities.csproj", "{4D55AAF6-EE6E-4B0C-935D-ED66A5191243}"
EndProject
Project("{9A19103F-16F7-4668-BE54-9A1E7A4F7556}") = "SuperMarket.Migrations", "SuperMarket.Migrations\SuperMarket.Migrations.csproj", "{384C0D0D-5A46-4763-AD07-AFA3F596EEBE}"
EndProject
Project("{9A19103F-16F7-4668-BE54-9A1E7A4F7556}") = "SuperMarket.Infrastructure", "SuperMarket.Infrastructure\SuperMarket.Infrastructure.csproj", "{9E02153B-AF67-4D4C-B841-5A68D2CD31C1}"
EndProject
Project("{9A19103F-16F7-4668-BE54-9A1E7A4F7556}") = "SuperMarket.Persistence.EF", "SuperMarket.Persistence.EF\SuperMarket.Persistence.EF.csproj", "{DEC62AA1-DBA9-4422-8FD9-BD60FFCE6DB9}"
EndProject
Project("{9A19103F-16F7-4668-BE54-9A1E7A4F7556}") = "SuperMarket.Services", "SuperMarket.Services\SuperMarket.Services.csproj", "{81589BE1-A63A-4497-A889-C944847C33BB}"
EndProject
Project("{9A19103F-16F7-4668-BE54-9A1E7A4F7556}") = "SuperMarket.Specs", "SuperMarket.Specs\SuperMarket.Specs.csproj", "{DE69C915-F831-4793-89FF-802F5DEEE681}"
EndProject
Project("{9A19103F-16F7-4668-BE54-9A1E7A4F7556}") = "SuperMarket.Services.Test.Unit", "SuperMarket.Services.Test.Unit\SuperMarket.Services.Test.Unit.csproj", "{A3E00831-F2E4-4D81-8D12-BB5FA0B8965D}"
EndProject
Project("{9A19103F-16F7-4668-BE54-9A1E7A4F7556}") = "Supermarket.Test.Tools", "Supermarket.Test.Tools\Supermarket.Test.Tools.csproj", "{7D2F3D9B-91A4-455E-92D0-E519D133F71B}"
EndProject
Project("{FAE04EC0-301F-11D3-BF4B-00C04F79EFBC}") = "SuperMarket.RestAPI", "SuperMarket.RestAPI\SuperMarket.RestAPI.csproj", "{502A8451-3749-4C55-906D-920DD911C8A7}"
EndProject
Global
	GlobalSection(SolutionConfigurationPlatforms) = preSolution
		Debug|Any CPU = Debug|Any CPU
		Release|Any CPU = Release|Any CPU
	EndGlobalSection
	GlobalSection(ProjectConfigurationPlatforms) = postSolution
		{4D55AAF6-EE6E-4B0C-935D-ED66A5191243}.Debug|Any CPU.ActiveCfg = Debug|Any CPU
		{4D55AAF6-EE6E-4B0C-935D-ED66A5191243}.Debug|Any CPU.Build.0 = Debug|Any CPU
		{4D55AAF6-EE6E-4B0C-935D-ED66A5191243}.Release|Any CPU.ActiveCfg = Release|Any CPU
		{4D55AAF6-EE6E-4B0C-935D-ED66A5191243}.Release|Any CPU.Build.0 = Release|Any CPU
		{384C0D0D-5A46-4763-AD07-AFA3F596EEBE}.Debug|Any CPU.ActiveCfg = Debug|Any CPU
		{384C0D0D-5A46-4763-AD07-AFA3F596EEBE}.Debug|Any CPU.Build.0 = Debug|Any CPU
		{384C0D0D-5A46-4763-AD07-AFA3F596EEBE}.Release|Any CPU.ActiveCfg = Release|Any CPU
		{384C0D0D-5A46-4763-AD07-AFA3F596EEBE}.Release|Any CPU.Build.0 = Release|Any CPU
		{9E02153B-AF67-4D4C-B841-5A68D2CD31C1}.Debug|Any CPU.ActiveCfg = Debug|Any CPU
		{9E02153B-AF67-4D4C-B841-5A68D2CD31C1}.Debug|Any CPU.Build.0 = Debug|Any CPU
		{9E02153B-AF67-4D4C-B841-5A68D2CD31C1}.Release|Any CPU.ActiveCfg = Release|Any CPU
		{9E02153B-AF67-4D4C-B841-5A68D2CD31C1}.Release|Any CPU.Build.0 = Release|Any CPU
		{DEC62AA1-DBA9-4422-8FD9-BD60FFCE6DB9}.Debug|Any CPU.ActiveCfg = Debug|Any CPU
		{DEC62AA1-DBA9-4422-8FD9-BD60FFCE6DB9}.Debug|Any CPU.Build.0 = Debug|Any CPU
		{DEC62AA1-DBA9-4422-8FD9-BD60FFCE6DB9}.Release|Any CPU.ActiveCfg = Release|Any CPU
		{DEC62AA1-DBA9-4422-8FD9-BD60FFCE6DB9}.Release|Any CPU.Build.0 = Release|Any CPU
		{81589BE1-A63A-4497-A889-C944847C33BB}.Debug|Any CPU.ActiveCfg = Debug|Any CPU
		{81589BE1-A63A-4497-A889-C944847C33BB}.Debug|Any CPU.Build.0 = Debug|Any CPU
		{81589BE1-A63A-4497-A889-C944847C33BB}.Release|Any CPU.ActiveCfg = Release|Any CPU
		{81589BE1-A63A-4497-A889-C944847C33BB}.Release|Any CPU.Build.0 = Release|Any CPU
		{DE69C915-F831-4793-89FF-802F5DEEE681}.Debug|Any CPU.ActiveCfg = Debug|Any CPU
		{DE69C915-F831-4793-89FF-802F5DEEE681}.Debug|Any CPU.Build.0 = Debug|Any CPU
		{DE69C915-F831-4793-89FF-802F5DEEE681}.Release|Any CPU.ActiveCfg = Release|Any CPU
		{DE69C915-F831-4793-89FF-802F5DEEE681}.Release|Any CPU.Build.0 = Release|Any CPU
		{A3E00831-F2E4-4D81-8D12-BB5FA0B8965D}.Debug|Any CPU.ActiveCfg = Debug|Any CPU
		{A3E00831-F2E4-4D81-8D12-BB5FA0B8965D}.Debug|Any CPU.Build.0 = Debug|Any CPU
		{A3E00831-F2E4-4D81-8D12-BB5FA0B8965D}.Release|Any CPU.ActiveCfg = Release|Any CPU
		{A3E00831-F2E4-4D81-8D12-BB5FA0B8965D}.Release|Any CPU.Build.0 = Release|Any CPU
		{7D2F3D9B-91A4-455E-92D0-E519D133F71B}.Debug|Any CPU.ActiveCfg = Debug|Any CPU
		{7D2F3D9B-91A4-455E-92D0-E519D133F71B}.Debug|Any CPU.Build.0 = Debug|Any CPU
		{7D2F3D9B-91A4-455E-92D0-E519D133F71B}.Release|Any CPU.ActiveCfg = Release|Any CPU
		{7D2F3D9B-91A4-455E-92D0-E519D133F71B}.Release|Any CPU.Build.0 = Release|Any CPU
		{502A8451-3749-4C55-906D-920DD911C8A7}.Debug|Any CPU.ActiveCfg = Debug|Any CPU
		{502A8451-3749-4C55-906D-920DD911C8A7}.Debug|Any CPU.Build.0 = Debug|Any CPU
		{502A8451-3749-4C55-906D-920DD911C8A7}.Release|Any CPU.ActiveCfg = Release|Any CPU
		{502A8451-3749-4C55-906D-920DD911C8A7}.Release|Any CPU.Build.0 = Release|Any CPU
	EndGlobalSection
	GlobalSection(SolutionProperties) = preSolution
		HideSolutionNode = FALSE
	EndGlobalSection
	GlobalSection(NestedProjects) = preSolution
		{4D55AAF6-EE6E-4B0C-935D-ED66A5191243} = {6F1C0DE9-72C9-4705-AB19-30E9421B8121}
		{384C0D0D-5A46-4763-AD07-AFA3F596EEBE} = {6F1C0DE9-72C9-4705-AB19-30E9421B8121}
		{9E02153B-AF67-4D4C-B841-5A68D2CD31C1} = {6F1C0DE9-72C9-4705-AB19-30E9421B8121}
		{DEC62AA1-DBA9-4422-8FD9-BD60FFCE6DB9} = {6F1C0DE9-72C9-4705-AB19-30E9421B8121}
		{81589BE1-A63A-4497-A889-C944847C33BB} = {6F1C0DE9-72C9-4705-AB19-30E9421B8121}
		{DE69C915-F831-4793-89FF-802F5DEEE681} = {962CE9CF-887F-44D3-AE8F-D309879AD46D}
		{A3E00831-F2E4-4D81-8D12-BB5FA0B8965D} = {962CE9CF-887F-44D3-AE8F-D309879AD46D}
		{7D2F3D9B-91A4-455E-92D0-E519D133F71B} = {962CE9CF-887F-44D3-AE8F-D309879AD46D}
	EndGlobalSection
	GlobalSection(ExtensibilityGlobals) = postSolution
		SolutionGuid = {12F01996-AB20-424F-809A-781039857F33}
	EndGlobalSection
EndGlobal
